
Microsoft Visual Studio Solution File, Format Version 12.00
# Visual Studio 15
VisualStudioVersion = 15.0.28010.2046
MinimumVisualStudioVersion = 10.0.40219.1
Project("{FAE04EC0-301F-11D3-BF4B-00C04F79EFBC}") = "IE Clinics", "IE Clinics\IE Clinics.csproj", "{AD99D4DA-9838-4D86-BF6F-8EB75789E26B}"
EndProject
Global
	GlobalSection(SolutionConfigurationPlatforms) = preSolution
		Debug|Any CPU = Debug|Any CPU
		Release|Any CPU = Release|Any CPU
	EndGlobalSection
	GlobalSection(ProjectConfigurationPlatforms) = postSolution
		{AD99D4DA-9838-4D86-BF6F-8EB75789E26B}.Debug|Any CPU.ActiveCfg = Debug|Any CPU
		{AD99D4DA-9838-4D86-BF6F-8EB75789E26B}.Debug|Any CPU.Build.0 = Debug|Any CPU
		{AD99D4DA-9838-4D86-BF6F-8EB75789E26B}.Release|Any CPU.ActiveCfg = Release|Any CPU
		{AD99D4DA-9838-4D86-BF6F-8EB75789E26B}.Release|Any CPU.Build.0 = Release|Any CPU
	EndGlobalSection
	GlobalSection(SolutionProperties) = preSolution
		HideSolutionNode = FALSE
	EndGlobalSection
	GlobalSection(ExtensibilityGlobals) = postSolution
		SolutionGuid = {6534806D-4D8C-4E38-B9E1-E6A3951BE0C3}
	EndGlobalSection
EndGlobal
